
Microsoft Visual Studio Solution File, Format Version 12.00
# Visual Studio Version 17
VisualStudioVersion = 17.7.34031.279
MinimumVisualStudioVersion = 10.0.40219.1
Project("{9A19103F-16F7-4668-BE54-9A1E7A4F7556}") = "ThePodcast", "ThePodcast.csproj", "{F1E6B494-2CB2-425D-9514-56F4CE3603D9}"
	ProjectSection(ProjectDependencies) = postProject
		{47BC26A4-9EB5-416E-A91D-DB489721ABB5} = {47BC26A4-9EB5-416E-A91D-DB489721ABB5}
	EndProjectSection
EndProject
Project("{9A19103F-16F7-4668-BE54-9A1E7A4F7556}") = "BusinessLayer", "BusinessLayer\BusinessLayer.csproj", "{2B72EA1C-05D0-4104-B707-E8C44BBE8C6A}"
EndProject
Project("{9A19103F-16F7-4668-BE54-9A1E7A4F7556}") = "DataAccessLayer", "DataAccessLayer\DataAccessLayer.csproj", "{47BC26A4-9EB5-416E-A91D-DB489721ABB5}"
EndProject
Project("{9A19103F-16F7-4668-BE54-9A1E7A4F7556}") = "Models", "Models\Models.csproj", "{B520577C-7230-4097-AEEF-C88BA1628166}"
EndProject
Global
	GlobalSection(SolutionConfigurationPlatforms) = preSolution
		Debug|Any CPU = Debug|Any CPU
		Release|Any CPU = Release|Any CPU
	EndGlobalSection
	GlobalSection(ProjectConfigurationPlatforms) = postSolution
		{F1E6B494-2CB2-425D-9514-56F4CE3603D9}.Debug|Any CPU.ActiveCfg = Debug|Any CPU
		{F1E6B494-2CB2-425D-9514-56F4CE3603D9}.Debug|Any CPU.Build.0 = Debug|Any CPU
		{F1E6B494-2CB2-425D-9514-56F4CE3603D9}.Release|Any CPU.ActiveCfg = Release|Any CPU
		{F1E6B494-2CB2-425D-9514-56F4CE3603D9}.Release|Any CPU.Build.0 = Release|Any CPU
		{2B72EA1C-05D0-4104-B707-E8C44BBE8C6A}.Debug|Any CPU.ActiveCfg = Debug|Any CPU
		{2B72EA1C-05D0-4104-B707-E8C44BBE8C6A}.Debug|Any CPU.Build.0 = Debug|Any CPU
		{2B72EA1C-05D0-4104-B707-E8C44BBE8C6A}.Release|Any CPU.ActiveCfg = Release|Any CPU
		{2B72EA1C-05D0-4104-B707-E8C44BBE8C6A}.Release|Any CPU.Build.0 = Release|Any CPU
		{47BC26A4-9EB5-416E-A91D-DB489721ABB5}.Debug|Any CPU.ActiveCfg = Debug|Any CPU
		{47BC26A4-9EB5-416E-A91D-DB489721ABB5}.Debug|Any CPU.Build.0 = Debug|Any CPU
		{47BC26A4-9EB5-416E-A91D-DB489721ABB5}.Release|Any CPU.ActiveCfg = Release|Any CPU
		{47BC26A4-9EB5-416E-A91D-DB489721ABB5}.Release|Any CPU.Build.0 = Release|Any CPU
		{B520577C-7230-4097-AEEF-C88BA1628166}.Debug|Any CPU.ActiveCfg = Debug|Any CPU
		{B520577C-7230-4097-AEEF-C88BA1628166}.Debug|Any CPU.Build.0 = Debug|Any CPU
		{B520577C-7230-4097-AEEF-C88BA1628166}.Release|Any CPU.ActiveCfg = Release|Any CPU
		{B520577C-7230-4097-AEEF-C88BA1628166}.Release|Any CPU.Build.0 = Release|Any CPU
	EndGlobalSection
	GlobalSection(SolutionProperties) = preSolution
		HideSolutionNode = FALSE
	EndGlobalSection
	GlobalSection(ExtensibilityGlobals) = postSolution
		SolutionGuid = {D02AA387-6724-4784-BE4A-7C77E505A782}
	EndGlobalSection
EndGlobal
