
Microsoft Visual Studio Solution File, Format Version 12.00
# Visual Studio Version 17
VisualStudioVersion = 17.7.34031.279
MinimumVisualStudioVersion = 10.0.40219.1
Project("{FAE04EC0-301F-11D3-BF4B-00C04F79EFBC}") = "ThePodcast", "ThePodcast.csproj", "{F1E6B494-2CB2-425D-9514-56F4CE3603D9}"
EndProject
Project("{FAE04EC0-301F-11D3-BF4B-00C04F79EFBC}") = "BusinessLayer", "..\BusinessLayer\BusinessLayer.csproj", "{131A4F0F-4FA3-4385-93BE-03E5DFCF091D}"
EndProject
Project("{FAE04EC0-301F-11D3-BF4B-00C04F79EFBC}") = "DataAccessLayer", "..\DataAccessLayer\DataAccessLayer.csproj", "{BBADCEA7-FD7B-4317-B47B-70A68B2BAEDA}"
EndProject
Project("{FAE04EC0-301F-11D3-BF4B-00C04F79EFBC}") = "Models", "..\Models\Models.csproj", "{BA5D362A-37A7-46C6-9D9A-D87E12BA9B3D}"
EndProject
Global
	GlobalSection(SolutionConfigurationPlatforms) = preSolution
		Debug|Any CPU = Debug|Any CPU
		Release|Any CPU = Release|Any CPU
	EndGlobalSection
	GlobalSection(ProjectConfigurationPlatforms) = postSolution
		{F1E6B494-2CB2-425D-9514-56F4CE3603D9}.Debug|Any CPU.ActiveCfg = Debug|Any CPU
		{F1E6B494-2CB2-425D-9514-56F4CE3603D9}.Debug|Any CPU.Build.0 = Debug|Any CPU
		{F1E6B494-2CB2-425D-9514-56F4CE3603D9}.Release|Any CPU.ActiveCfg = Release|Any CPU
		{F1E6B494-2CB2-425D-9514-56F4CE3603D9}.Release|Any CPU.Build.0 = Release|Any CPU
		{131A4F0F-4FA3-4385-93BE-03E5DFCF091D}.Debug|Any CPU.ActiveCfg = Debug|Any CPU
		{131A4F0F-4FA3-4385-93BE-03E5DFCF091D}.Debug|Any CPU.Build.0 = Debug|Any CPU
		{131A4F0F-4FA3-4385-93BE-03E5DFCF091D}.Release|Any CPU.ActiveCfg = Release|Any CPU
		{131A4F0F-4FA3-4385-93BE-03E5DFCF091D}.Release|Any CPU.Build.0 = Release|Any CPU
		{BBADCEA7-FD7B-4317-B47B-70A68B2BAEDA}.Debug|Any CPU.ActiveCfg = Debug|Any CPU
		{BBADCEA7-FD7B-4317-B47B-70A68B2BAEDA}.Debug|Any CPU.Build.0 = Debug|Any CPU
		{BBADCEA7-FD7B-4317-B47B-70A68B2BAEDA}.Release|Any CPU.ActiveCfg = Release|Any CPU
		{BBADCEA7-FD7B-4317-B47B-70A68B2BAEDA}.Release|Any CPU.Build.0 = Release|Any CPU
		{BA5D362A-37A7-46C6-9D9A-D87E12BA9B3D}.Debug|Any CPU.ActiveCfg = Debug|Any CPU
		{BA5D362A-37A7-46C6-9D9A-D87E12BA9B3D}.Debug|Any CPU.Build.0 = Debug|Any CPU
		{BA5D362A-37A7-46C6-9D9A-D87E12BA9B3D}.Release|Any CPU.ActiveCfg = Release|Any CPU
		{BA5D362A-37A7-46C6-9D9A-D87E12BA9B3D}.Release|Any CPU.Build.0 = Release|Any CPU
	EndGlobalSection
	GlobalSection(SolutionProperties) = preSolution
		HideSolutionNode = FALSE
	EndGlobalSection
	GlobalSection(ExtensibilityGlobals) = postSolution
		SolutionGuid = {D02AA387-6724-4784-BE4A-7C77E505A782}
	EndGlobalSection
EndGlobal
